<Solution>
  <Project Path="HSIApp/HSIApp.csproj" />
  <Project Path="HSIDataKit.Tests/HSIDataKit.Tests.csproj" Id="132b1a85-7a98-427a-aead-d7327cc38c85" />
  <Project Path="HSIDataKit/HSIDataKit.csproj" Id="b541311b-e3ab-4127-b726-9c34c5b4e74d" />
  <Project Path="MaskingKit/MaskingKit.csproj" Id="3dbf60e4-952d-4c14-9d3b-fc594251e097" />
  <Project Path="Playground/Playground.csproj" />
  <Project Path="SpectrumKit/SpectrumKit.csproj" />
</Solution>
